
Microsoft Visual Studio Solution File, Format Version 12.00
# Visual Studio Version 17
VisualStudioVersion = 17.9.34728.123
MinimumVisualStudioVersion = 10.0.40219.1
Project("{9A19103F-16F7-4668-BE54-9A1E7A4F7556}") = "Lab1_2", "Lab 1\Lab1_2.csproj", "{2F6E5E4B-CF23-4A8C-8308-D2FE9876DABA}"
EndProject
Project("{9A19103F-16F7-4668-BE54-9A1E7A4F7556}") = "Lab3", "Lab3\Lab3.csproj", "{8850352D-AD57-4E14-9053-6BBEFAA337E6}"
EndProject
Project("{9A19103F-16F7-4668-BE54-9A1E7A4F7556}") = "DbFirst", "DbFirst\DbFirst.csproj", "{6B800A08-C63A-4F33-9545-E0161A344D26}"
EndProject
Project("{FAE04EC0-301F-11D3-BF4B-00C04F79EFBC}") = "CodeFirst", "CodeFirst\CodeFirst.csproj", "{975A1482-C7E1-4ACD-A51E-2DEE1D946729}"
EndProject
Global
	GlobalSection(SolutionConfigurationPlatforms) = preSolution
		Debug|Any CPU = Debug|Any CPU
		Release|Any CPU = Release|Any CPU
	EndGlobalSection
	GlobalSection(ProjectConfigurationPlatforms) = postSolution
		{2F6E5E4B-CF23-4A8C-8308-D2FE9876DABA}.Debug|Any CPU.ActiveCfg = Debug|Any CPU
		{2F6E5E4B-CF23-4A8C-8308-D2FE9876DABA}.Debug|Any CPU.Build.0 = Debug|Any CPU
		{2F6E5E4B-CF23-4A8C-8308-D2FE9876DABA}.Release|Any CPU.ActiveCfg = Release|Any CPU
		{2F6E5E4B-CF23-4A8C-8308-D2FE9876DABA}.Release|Any CPU.Build.0 = Release|Any CPU
		{8850352D-AD57-4E14-9053-6BBEFAA337E6}.Debug|Any CPU.ActiveCfg = Debug|Any CPU
		{8850352D-AD57-4E14-9053-6BBEFAA337E6}.Debug|Any CPU.Build.0 = Debug|Any CPU
		{8850352D-AD57-4E14-9053-6BBEFAA337E6}.Release|Any CPU.ActiveCfg = Release|Any CPU
		{8850352D-AD57-4E14-9053-6BBEFAA337E6}.Release|Any CPU.Build.0 = Release|Any CPU
		{6B800A08-C63A-4F33-9545-E0161A344D26}.Debug|Any CPU.ActiveCfg = Debug|Any CPU
		{6B800A08-C63A-4F33-9545-E0161A344D26}.Debug|Any CPU.Build.0 = Debug|Any CPU
		{6B800A08-C63A-4F33-9545-E0161A344D26}.Release|Any CPU.ActiveCfg = Release|Any CPU
		{6B800A08-C63A-4F33-9545-E0161A344D26}.Release|Any CPU.Build.0 = Release|Any CPU
		{975A1482-C7E1-4ACD-A51E-2DEE1D946729}.Debug|Any CPU.ActiveCfg = Debug|Any CPU
		{975A1482-C7E1-4ACD-A51E-2DEE1D946729}.Debug|Any CPU.Build.0 = Debug|Any CPU
		{975A1482-C7E1-4ACD-A51E-2DEE1D946729}.Release|Any CPU.ActiveCfg = Release|Any CPU
		{975A1482-C7E1-4ACD-A51E-2DEE1D946729}.Release|Any CPU.Build.0 = Release|Any CPU
	EndGlobalSection
	GlobalSection(SolutionProperties) = preSolution
		HideSolutionNode = FALSE
	EndGlobalSection
	GlobalSection(ExtensibilityGlobals) = postSolution
		SolutionGuid = {D78680E1-5EB9-4D56-AD69-0F7A3532A89D}
	EndGlobalSection
EndGlobal
